
Microsoft Visual Studio Solution File, Format Version 12.00
# Visual Studio Version 16
VisualStudioVersion = 16.0.33927.289
MinimumVisualStudioVersion = 10.0.40219.1
Project("{2150E333-8FDC-42A3-9474-1A3956D46DE8}") = "Task0", "Task0", "{B1BA25F8-9607-4ECE-860C-C6741EB86AA6}"
EndProject
Project("{FAE04EC0-301F-11D3-BF4B-00C04F79EFBC}") = "Tyuiu.SheludkovAA.Sprint2.Task0.V10", "Tyuiu.SheludkovAA.Sprint2.Task0.V10\Tyuiu.SheludkovAA.Sprint2.Task0.V10.csproj", "{F995DB38-A40A-4B9A-89CE-6B5787DD3D4E}"
EndProject
Project("{FAE04EC0-301F-11D3-BF4B-00C04F79EFBC}") = "Tyuiu.SheludkovAA.Sprint2.Task0.V10.Lib", "Tyuiu.SheludkovAA.Sprint2.Task0.V10.Lib\Tyuiu.SheludkovAA.Sprint2.Task0.V10.Lib.csproj", "{E5A62A5E-2257-4E56-8784-A47A82EBE9E3}"
EndProject
Project("{FAE04EC0-301F-11D3-BF4B-00C04F79EFBC}") = "Tyuiu.SheludkovAA.Sprint2.Task0.V10.Test", "Tyuiu.SheludkovAA.Sprint2.Task0.V10.Test\Tyuiu.SheludkovAA.Sprint2.Task0.V10.Test.csproj", "{29EBDFE4-BA35-4F9C-A71F-08B7C831DA4C}"
EndProject
Project("{2150E333-8FDC-42A3-9474-1A3956D46DE8}") = "Task1", "Task1", "{E602B06B-32A6-4838-B22E-5ED341CD7818}"
EndProject
Project("{FAE04EC0-301F-11D3-BF4B-00C04F79EFBC}") = "Tyuiu.SheludkovAA.Sprint2.Task1.V8.Test", "Tyuiu.SheludkovAA.Sprint2.Task1.V8.Test\Tyuiu.SheludkovAA.Sprint2.Task1.V8.Test.csproj", "{A0B65C9E-BDEB-4914-BEE3-ABC2A0284BAC}"
EndProject
Project("{FAE04EC0-301F-11D3-BF4B-00C04F79EFBC}") = "Tyuiu.SheludkovAA.Sprint2.Task1.V8.Lib", "Tyuiu.SheludkovAA.Sprint2.Task1.V8.Lib\Tyuiu.SheludkovAA.Sprint2.Task1.V8.Lib.csproj", "{72C6EFE4-25F3-4E79-99B9-1F53441D9303}"
EndProject
Project("{FAE04EC0-301F-11D3-BF4B-00C04F79EFBC}") = "Tyuiu.SheludkovAA.Sprint2.Task1.V8", "Tyuiu.SheludkovAA.Sprint2.Task1.V8\Tyuiu.SheludkovAA.Sprint2.Task1.V8.csproj", "{55003EFD-99F6-45B5-896E-D31BEC45974C}"
EndProject
Global
	GlobalSection(SolutionConfigurationPlatforms) = preSolution
		Debug|Any CPU = Debug|Any CPU
		Release|Any CPU = Release|Any CPU
	EndGlobalSection
	GlobalSection(ProjectConfigurationPlatforms) = postSolution
		{F995DB38-A40A-4B9A-89CE-6B5787DD3D4E}.Debug|Any CPU.ActiveCfg = Debug|Any CPU
		{F995DB38-A40A-4B9A-89CE-6B5787DD3D4E}.Debug|Any CPU.Build.0 = Debug|Any CPU
		{F995DB38-A40A-4B9A-89CE-6B5787DD3D4E}.Release|Any CPU.ActiveCfg = Release|Any CPU
		{F995DB38-A40A-4B9A-89CE-6B5787DD3D4E}.Release|Any CPU.Build.0 = Release|Any CPU
		{E5A62A5E-2257-4E56-8784-A47A82EBE9E3}.Debug|Any CPU.ActiveCfg = Debug|Any CPU
		{E5A62A5E-2257-4E56-8784-A47A82EBE9E3}.Debug|Any CPU.Build.0 = Debug|Any CPU
		{E5A62A5E-2257-4E56-8784-A47A82EBE9E3}.Release|Any CPU.ActiveCfg = Release|Any CPU
		{E5A62A5E-2257-4E56-8784-A47A82EBE9E3}.Release|Any CPU.Build.0 = Release|Any CPU
		{29EBDFE4-BA35-4F9C-A71F-08B7C831DA4C}.Debug|Any CPU.ActiveCfg = Debug|Any CPU
		{29EBDFE4-BA35-4F9C-A71F-08B7C831DA4C}.Debug|Any CPU.Build.0 = Debug|Any CPU
		{29EBDFE4-BA35-4F9C-A71F-08B7C831DA4C}.Release|Any CPU.ActiveCfg = Release|Any CPU
		{29EBDFE4-BA35-4F9C-A71F-08B7C831DA4C}.Release|Any CPU.Build.0 = Release|Any CPU
		{A0B65C9E-BDEB-4914-BEE3-ABC2A0284BAC}.Debug|Any CPU.ActiveCfg = Debug|Any CPU
		{A0B65C9E-BDEB-4914-BEE3-ABC2A0284BAC}.Debug|Any CPU.Build.0 = Debug|Any CPU
		{A0B65C9E-BDEB-4914-BEE3-ABC2A0284BAC}.Release|Any CPU.ActiveCfg = Release|Any CPU
		{A0B65C9E-BDEB-4914-BEE3-ABC2A0284BAC}.Release|Any CPU.Build.0 = Release|Any CPU
		{72C6EFE4-25F3-4E79-99B9-1F53441D9303}.Debug|Any CPU.ActiveCfg = Debug|Any CPU
		{72C6EFE4-25F3-4E79-99B9-1F53441D9303}.Debug|Any CPU.Build.0 = Debug|Any CPU
		{72C6EFE4-25F3-4E79-99B9-1F53441D9303}.Release|Any CPU.ActiveCfg = Release|Any CPU
		{72C6EFE4-25F3-4E79-99B9-1F53441D9303}.Release|Any CPU.Build.0 = Release|Any CPU
		{55003EFD-99F6-45B5-896E-D31BEC45974C}.Debug|Any CPU.ActiveCfg = Debug|Any CPU
		{55003EFD-99F6-45B5-896E-D31BEC45974C}.Debug|Any CPU.Build.0 = Debug|Any CPU
		{55003EFD-99F6-45B5-896E-D31BEC45974C}.Release|Any CPU.ActiveCfg = Release|Any CPU
		{55003EFD-99F6-45B5-896E-D31BEC45974C}.Release|Any CPU.Build.0 = Release|Any CPU
	EndGlobalSection
	GlobalSection(SolutionProperties) = preSolution
		HideSolutionNode = FALSE
	EndGlobalSection
	GlobalSection(NestedProjects) = preSolution
		{F995DB38-A40A-4B9A-89CE-6B5787DD3D4E} = {B1BA25F8-9607-4ECE-860C-C6741EB86AA6}
		{E5A62A5E-2257-4E56-8784-A47A82EBE9E3} = {B1BA25F8-9607-4ECE-860C-C6741EB86AA6}
		{29EBDFE4-BA35-4F9C-A71F-08B7C831DA4C} = {B1BA25F8-9607-4ECE-860C-C6741EB86AA6}
		{A0B65C9E-BDEB-4914-BEE3-ABC2A0284BAC} = {E602B06B-32A6-4838-B22E-5ED341CD7818}
		{72C6EFE4-25F3-4E79-99B9-1F53441D9303} = {E602B06B-32A6-4838-B22E-5ED341CD7818}
		{55003EFD-99F6-45B5-896E-D31BEC45974C} = {E602B06B-32A6-4838-B22E-5ED341CD7818}
	EndGlobalSection
	GlobalSection(ExtensibilityGlobals) = postSolution
		SolutionGuid = {5D0FC10C-6A8F-4384-88D6-EB5E56054502}
	EndGlobalSection
EndGlobal
