
Microsoft Visual Studio Solution File, Format Version 12.00
# Visual Studio Version 16
VisualStudioVersion = 16.0.33927.289
MinimumVisualStudioVersion = 10.0.40219.1
Project("{2150E333-8FDC-42A3-9474-1A3956D46DE8}") = "Task0", "Task0", "{B1BA25F8-9607-4ECE-860C-C6741EB86AA6}"
EndProject
Project("{FAE04EC0-301F-11D3-BF4B-00C04F79EFBC}") = "Tyuiu.SheludkovAA.Sprint2.Task0.V10", "Tyuiu.SheludkovAA.Sprint2.Task0.V10\Tyuiu.SheludkovAA.Sprint2.Task0.V10.csproj", "{F995DB38-A40A-4B9A-89CE-6B5787DD3D4E}"
EndProject
Project("{FAE04EC0-301F-11D3-BF4B-00C04F79EFBC}") = "Tyuiu.SheludkovAA.Sprint2.Task0.V10.Lib", "Tyuiu.SheludkovAA.Sprint2.Task0.V10.Lib\Tyuiu.SheludkovAA.Sprint2.Task0.V10.Lib.csproj", "{E5A62A5E-2257-4E56-8784-A47A82EBE9E3}"
EndProject
Project("{FAE04EC0-301F-11D3-BF4B-00C04F79EFBC}") = "Tyuiu.SheludkovAA.Sprint2.Task0.V10.Test", "Tyuiu.SheludkovAA.Sprint2.Task0.V10.Test\Tyuiu.SheludkovAA.Sprint2.Task0.V10.Test.csproj", "{29EBDFE4-BA35-4F9C-A71F-08B7C831DA4C}"
EndProject
Project("{2150E333-8FDC-42A3-9474-1A3956D46DE8}") = "Task1", "Task1", "{E602B06B-32A6-4838-B22E-5ED341CD7818}"
EndProject
Project("{FAE04EC0-301F-11D3-BF4B-00C04F79EFBC}") = "Tyuiu.SheludkovAA.Sprint2.Task1.V8.Test", "Tyuiu.SheludkovAA.Sprint2.Task1.V8.Test\Tyuiu.SheludkovAA.Sprint2.Task1.V8.Test.csproj", "{A0B65C9E-BDEB-4914-BEE3-ABC2A0284BAC}"
EndProject
Project("{FAE04EC0-301F-11D3-BF4B-00C04F79EFBC}") = "Tyuiu.SheludkovAA.Sprint2.Task1.V8.Lib", "Tyuiu.SheludkovAA.Sprint2.Task1.V8.Lib\Tyuiu.SheludkovAA.Sprint2.Task1.V8.Lib.csproj", "{72C6EFE4-25F3-4E79-99B9-1F53441D9303}"
EndProject
Project("{FAE04EC0-301F-11D3-BF4B-00C04F79EFBC}") = "Tyuiu.SheludkovAA.Sprint2.Task1.V8", "Tyuiu.SheludkovAA.Sprint2.Task1.V8\Tyuiu.SheludkovAA.Sprint2.Task1.V8.csproj", "{55003EFD-99F6-45B5-896E-D31BEC45974C}"
EndProject
Project("{2150E333-8FDC-42A3-9474-1A3956D46DE8}") = "Task2", "Task2", "{0A30A447-8701-4CEA-86C3-7039C5780844}"
EndProject
Project("{FAE04EC0-301F-11D3-BF4B-00C04F79EFBC}") = "Tyuiu.SheludkovAA.Sprint2.Task2.V8.Test", "Tyuiu.SheludkovAA.Sprint2.Task2.V8.Test\Tyuiu.SheludkovAA.Sprint2.Task2.V8.Test.csproj", "{BDBB8D66-B91C-4DD5-9D9F-18BE537EE74A}"
EndProject
Project("{FAE04EC0-301F-11D3-BF4B-00C04F79EFBC}") = "Tyuiu.SheludkovAA.Sprint2.Task2.V8.Lib", "Tyuiu.SheludkovAA.Sprint2.Task2.V8.Lib\Tyuiu.SheludkovAA.Sprint2.Task2.V8.Lib.csproj", "{BDBC6891-F1AB-494B-B8BF-2534E63D4F7B}"
EndProject
Project("{FAE04EC0-301F-11D3-BF4B-00C04F79EFBC}") = "Tyuiu.SheludkovAA.Sprint2.Task2.V8", "Tyuiu.SheludkovAA.Sprint2.Task2.V8\Tyuiu.SheludkovAA.Sprint2.Task2.V8.csproj", "{4DC48164-1E66-4CE7-A493-DD5C5760909A}"
EndProject
Project("{2150E333-8FDC-42A3-9474-1A3956D46DE8}") = "Task3", "Task3", "{884C08C0-86BE-49D4-A38D-FAE501230A44}"
EndProject
Project("{FAE04EC0-301F-11D3-BF4B-00C04F79EFBC}") = "Tyuiu.SheludkovAA.Sprint2.Task3.V14.Test", "Tyuiu.SheludkovAA.Sprint2.Task3.V14.Test\Tyuiu.SheludkovAA.Sprint2.Task3.V14.Test.csproj", "{8818D8B2-7823-497D-BC31-0587AF938FDA}"
EndProject
Project("{FAE04EC0-301F-11D3-BF4B-00C04F79EFBC}") = "Tyuiu.SheludkovAA.Sprint2.Task3.V14.Lib", "Tyuiu.SheludkovAA.Sprint2.Task3.V14.Lib\Tyuiu.SheludkovAA.Sprint2.Task3.V14.Lib.csproj", "{969D9189-5369-47D5-84C6-04F67814EB24}"
EndProject
Project("{FAE04EC0-301F-11D3-BF4B-00C04F79EFBC}") = "Tyuiu.SheludkovAA.Sprint2.Task3.V14", "Tyuiu.SheludkovAA.Sprint2.Task3.V14\Tyuiu.SheludkovAA.Sprint2.Task3.V14.csproj", "{A18E560E-8531-4D13-92C7-7D896E6356C3}"
EndProject
Project("{2150E333-8FDC-42A3-9474-1A3956D46DE8}") = "Task4", "Task4", "{601D7AFD-B242-4549-B929-BABDF805BC15}"
EndProject
Project("{FAE04EC0-301F-11D3-BF4B-00C04F79EFBC}") = "Tyuiu.SheludkovAA.Sprint2.Task4.V17.Test", "Tyuiu.SheludkovAA.Sprint2.Task4.V17.Test\Tyuiu.SheludkovAA.Sprint2.Task4.V17.Test.csproj", "{0F00EE6E-FFA9-4B55-82B0-0FF31C6B2A5F}"
EndProject
Project("{FAE04EC0-301F-11D3-BF4B-00C04F79EFBC}") = "Tyuiu.SheludkovAA.Sprint2.Task4.V17.Lib", "Tyuiu.SheludkovAA.Sprint2.Task4.V17.Lib\Tyuiu.SheludkovAA.Sprint2.Task4.V17.Lib.csproj", "{78002252-FE12-4667-BACE-A1B90BC16FAE}"
EndProject
Project("{FAE04EC0-301F-11D3-BF4B-00C04F79EFBC}") = "Tyuiu.SheludkovAA.Sprint2.Task4.V17", "Tyuiu.SheludkovAA.Sprint2.Task4.V17\Tyuiu.SheludkovAA.Sprint2.Task4.V17.csproj", "{C4A9C15B-0096-46A6-8924-2FAEDA150514}"
EndProject
Project("{2150E333-8FDC-42A3-9474-1A3956D46DE8}") = "Task5", "Task5", "{3D320DF0-240C-4D23-9488-4EDB497C3A8C}"
EndProject
Project("{FAE04EC0-301F-11D3-BF4B-00C04F79EFBC}") = "Tyuiu.SheludkovAA.Sprint2.Task5.V9.Test", "Tyuiu.SheludkovAA.Sprint2.Task5.V9.Test\Tyuiu.SheludkovAA.Sprint2.Task5.V9.Test.csproj", "{0F7B8D69-2393-4987-9382-316CFE8CCB12}"
EndProject
Project("{FAE04EC0-301F-11D3-BF4B-00C04F79EFBC}") = "Tyuiu.SheludkovAA.Sprint2.Task5.V9.Lib", "Tyuiu.SheludkovAA.Sprint2.Task5.V9.Lib\Tyuiu.SheludkovAA.Sprint2.Task5.V9.Lib.csproj", "{1BB74ABC-A47C-42FD-A833-1AB8BF319CD2}"
EndProject
Project("{FAE04EC0-301F-11D3-BF4B-00C04F79EFBC}") = "Tyuiu.SheludkovAA.Sprint2.Task5.V9", "Tyuiu.SheludkovAA.Sprint2.Task5.V9\Tyuiu.SheludkovAA.Sprint2.Task5.V9.csproj", "{C2ECCA6D-F211-49FD-A54F-30C4A87D1225}"
EndProject
Project("{2150E333-8FDC-42A3-9474-1A3956D46DE8}") = "Task6", "Task6", "{CA181CA1-83F4-44AC-AF3F-BEBB5D95A1A1}"
EndProject
Project("{FAE04EC0-301F-11D3-BF4B-00C04F79EFBC}") = "Tyuiu.SheludkovAA.Sprint2.Task6.V11.Test", "Tyuiu.SheludkovAA.Sprint2.Task6.V11.Test\Tyuiu.SheludkovAA.Sprint2.Task6.V11.Test.csproj", "{C73AFCB4-08D2-4BE2-AB29-0EBBB58450F0}"
EndProject
Project("{FAE04EC0-301F-11D3-BF4B-00C04F79EFBC}") = "Tyuiu.SheludkovAA.Sprint2.Task6.V11.Lib", "Tyuiu.SheludkovAA.Sprint2.Task6.V11.Lib\Tyuiu.SheludkovAA.Sprint2.Task6.V11.Lib.csproj", "{5A58E0F0-BFDE-43F4-A9B4-41584F0AD03C}"
EndProject
Project("{FAE04EC0-301F-11D3-BF4B-00C04F79EFBC}") = "Tyuiu.SheludkovAA.Sprint2.Task6.V11", "Tyuiu.SheludkovAA.Sprint2.Task6.V11\Tyuiu.SheludkovAA.Sprint2.Task6.V11.csproj", "{59AEB404-FD1F-4CEC-BD04-A5DDBA921D98}"
EndProject
Project("{2150E333-8FDC-42A3-9474-1A3956D46DE8}") = "Task7", "Task7", "{93F004AC-039B-4DA9-BC0C-D1EF43566B58}"
EndProject
Project("{FAE04EC0-301F-11D3-BF4B-00C04F79EFBC}") = "Tyuiu.SheludkovAA.Sprint2.Task7.V5.Test", "Tyuiu.SheludkovAA.Sprint2.Task7.V5.Test\Tyuiu.SheludkovAA.Sprint2.Task7.V5.Test.csproj", "{64C149F5-ECD9-41CF-B936-5274830CDD57}"
EndProject
Project("{FAE04EC0-301F-11D3-BF4B-00C04F79EFBC}") = "Tyuiu.SheludkovAA.Sprint2.Task7.V5.Lib", "Tyuiu.SheludkovAA.Sprint2.Task7.V5.Lib\Tyuiu.SheludkovAA.Sprint2.Task7.V5.Lib.csproj", "{61D2B8EC-19DC-4C5D-A8D9-F7CC7AD6D357}"
EndProject
Project("{FAE04EC0-301F-11D3-BF4B-00C04F79EFBC}") = "Tyuiu.SheludkovAA.Sprint2.Task7.V5", "Tyuiu.SheludkovAA.Sprint2.Task7.V5\Tyuiu.SheludkovAA.Sprint2.Task7.V5.csproj", "{F9C1C3F3-E30F-4B13-9C1B-64217AA91893}"
EndProject
Global
	GlobalSection(SolutionConfigurationPlatforms) = preSolution
		Debug|Any CPU = Debug|Any CPU
		Release|Any CPU = Release|Any CPU
	EndGlobalSection
	GlobalSection(ProjectConfigurationPlatforms) = postSolution
		{F995DB38-A40A-4B9A-89CE-6B5787DD3D4E}.Debug|Any CPU.ActiveCfg = Debug|Any CPU
		{F995DB38-A40A-4B9A-89CE-6B5787DD3D4E}.Debug|Any CPU.Build.0 = Debug|Any CPU
		{F995DB38-A40A-4B9A-89CE-6B5787DD3D4E}.Release|Any CPU.ActiveCfg = Release|Any CPU
		{F995DB38-A40A-4B9A-89CE-6B5787DD3D4E}.Release|Any CPU.Build.0 = Release|Any CPU
		{E5A62A5E-2257-4E56-8784-A47A82EBE9E3}.Debug|Any CPU.ActiveCfg = Debug|Any CPU
		{E5A62A5E-2257-4E56-8784-A47A82EBE9E3}.Debug|Any CPU.Build.0 = Debug|Any CPU
		{E5A62A5E-2257-4E56-8784-A47A82EBE9E3}.Release|Any CPU.ActiveCfg = Release|Any CPU
		{E5A62A5E-2257-4E56-8784-A47A82EBE9E3}.Release|Any CPU.Build.0 = Release|Any CPU
		{29EBDFE4-BA35-4F9C-A71F-08B7C831DA4C}.Debug|Any CPU.ActiveCfg = Debug|Any CPU
		{29EBDFE4-BA35-4F9C-A71F-08B7C831DA4C}.Debug|Any CPU.Build.0 = Debug|Any CPU
		{29EBDFE4-BA35-4F9C-A71F-08B7C831DA4C}.Release|Any CPU.ActiveCfg = Release|Any CPU
		{29EBDFE4-BA35-4F9C-A71F-08B7C831DA4C}.Release|Any CPU.Build.0 = Release|Any CPU
		{A0B65C9E-BDEB-4914-BEE3-ABC2A0284BAC}.Debug|Any CPU.ActiveCfg = Debug|Any CPU
		{A0B65C9E-BDEB-4914-BEE3-ABC2A0284BAC}.Debug|Any CPU.Build.0 = Debug|Any CPU
		{A0B65C9E-BDEB-4914-BEE3-ABC2A0284BAC}.Release|Any CPU.ActiveCfg = Release|Any CPU
		{A0B65C9E-BDEB-4914-BEE3-ABC2A0284BAC}.Release|Any CPU.Build.0 = Release|Any CPU
		{72C6EFE4-25F3-4E79-99B9-1F53441D9303}.Debug|Any CPU.ActiveCfg = Debug|Any CPU
		{72C6EFE4-25F3-4E79-99B9-1F53441D9303}.Debug|Any CPU.Build.0 = Debug|Any CPU
		{72C6EFE4-25F3-4E79-99B9-1F53441D9303}.Release|Any CPU.ActiveCfg = Release|Any CPU
		{72C6EFE4-25F3-4E79-99B9-1F53441D9303}.Release|Any CPU.Build.0 = Release|Any CPU
		{55003EFD-99F6-45B5-896E-D31BEC45974C}.Debug|Any CPU.ActiveCfg = Debug|Any CPU
		{55003EFD-99F6-45B5-896E-D31BEC45974C}.Debug|Any CPU.Build.0 = Debug|Any CPU
		{55003EFD-99F6-45B5-896E-D31BEC45974C}.Release|Any CPU.ActiveCfg = Release|Any CPU
		{55003EFD-99F6-45B5-896E-D31BEC45974C}.Release|Any CPU.Build.0 = Release|Any CPU
		{BDBB8D66-B91C-4DD5-9D9F-18BE537EE74A}.Debug|Any CPU.ActiveCfg = Debug|Any CPU
		{BDBB8D66-B91C-4DD5-9D9F-18BE537EE74A}.Debug|Any CPU.Build.0 = Debug|Any CPU
		{BDBB8D66-B91C-4DD5-9D9F-18BE537EE74A}.Release|Any CPU.ActiveCfg = Release|Any CPU
		{BDBB8D66-B91C-4DD5-9D9F-18BE537EE74A}.Release|Any CPU.Build.0 = Release|Any CPU
		{BDBC6891-F1AB-494B-B8BF-2534E63D4F7B}.Debug|Any CPU.ActiveCfg = Debug|Any CPU
		{BDBC6891-F1AB-494B-B8BF-2534E63D4F7B}.Debug|Any CPU.Build.0 = Debug|Any CPU
		{BDBC6891-F1AB-494B-B8BF-2534E63D4F7B}.Release|Any CPU.ActiveCfg = Release|Any CPU
		{BDBC6891-F1AB-494B-B8BF-2534E63D4F7B}.Release|Any CPU.Build.0 = Release|Any CPU
		{4DC48164-1E66-4CE7-A493-DD5C5760909A}.Debug|Any CPU.ActiveCfg = Debug|Any CPU
		{4DC48164-1E66-4CE7-A493-DD5C5760909A}.Debug|Any CPU.Build.0 = Debug|Any CPU
		{4DC48164-1E66-4CE7-A493-DD5C5760909A}.Release|Any CPU.ActiveCfg = Release|Any CPU
		{4DC48164-1E66-4CE7-A493-DD5C5760909A}.Release|Any CPU.Build.0 = Release|Any CPU
		{8818D8B2-7823-497D-BC31-0587AF938FDA}.Debug|Any CPU.ActiveCfg = Debug|Any CPU
		{8818D8B2-7823-497D-BC31-0587AF938FDA}.Debug|Any CPU.Build.0 = Debug|Any CPU
		{8818D8B2-7823-497D-BC31-0587AF938FDA}.Release|Any CPU.ActiveCfg = Release|Any CPU
		{8818D8B2-7823-497D-BC31-0587AF938FDA}.Release|Any CPU.Build.0 = Release|Any CPU
		{969D9189-5369-47D5-84C6-04F67814EB24}.Debug|Any CPU.ActiveCfg = Debug|Any CPU
		{969D9189-5369-47D5-84C6-04F67814EB24}.Debug|Any CPU.Build.0 = Debug|Any CPU
		{969D9189-5369-47D5-84C6-04F67814EB24}.Release|Any CPU.ActiveCfg = Release|Any CPU
		{969D9189-5369-47D5-84C6-04F67814EB24}.Release|Any CPU.Build.0 = Release|Any CPU
		{A18E560E-8531-4D13-92C7-7D896E6356C3}.Debug|Any CPU.ActiveCfg = Debug|Any CPU
		{A18E560E-8531-4D13-92C7-7D896E6356C3}.Debug|Any CPU.Build.0 = Debug|Any CPU
		{A18E560E-8531-4D13-92C7-7D896E6356C3}.Release|Any CPU.ActiveCfg = Release|Any CPU
		{A18E560E-8531-4D13-92C7-7D896E6356C3}.Release|Any CPU.Build.0 = Release|Any CPU
		{0F00EE6E-FFA9-4B55-82B0-0FF31C6B2A5F}.Debug|Any CPU.ActiveCfg = Debug|Any CPU
		{0F00EE6E-FFA9-4B55-82B0-0FF31C6B2A5F}.Debug|Any CPU.Build.0 = Debug|Any CPU
		{0F00EE6E-FFA9-4B55-82B0-0FF31C6B2A5F}.Release|Any CPU.ActiveCfg = Release|Any CPU
		{0F00EE6E-FFA9-4B55-82B0-0FF31C6B2A5F}.Release|Any CPU.Build.0 = Release|Any CPU
		{78002252-FE12-4667-BACE-A1B90BC16FAE}.Debug|Any CPU.ActiveCfg = Debug|Any CPU
		{78002252-FE12-4667-BACE-A1B90BC16FAE}.Debug|Any CPU.Build.0 = Debug|Any CPU
		{78002252-FE12-4667-BACE-A1B90BC16FAE}.Release|Any CPU.ActiveCfg = Release|Any CPU
		{78002252-FE12-4667-BACE-A1B90BC16FAE}.Release|Any CPU.Build.0 = Release|Any CPU
		{C4A9C15B-0096-46A6-8924-2FAEDA150514}.Debug|Any CPU.ActiveCfg = Debug|Any CPU
		{C4A9C15B-0096-46A6-8924-2FAEDA150514}.Debug|Any CPU.Build.0 = Debug|Any CPU
		{C4A9C15B-0096-46A6-8924-2FAEDA150514}.Release|Any CPU.ActiveCfg = Release|Any CPU
		{C4A9C15B-0096-46A6-8924-2FAEDA150514}.Release|Any CPU.Build.0 = Release|Any CPU
		{0F7B8D69-2393-4987-9382-316CFE8CCB12}.Debug|Any CPU.ActiveCfg = Debug|Any CPU
		{0F7B8D69-2393-4987-9382-316CFE8CCB12}.Debug|Any CPU.Build.0 = Debug|Any CPU
		{0F7B8D69-2393-4987-9382-316CFE8CCB12}.Release|Any CPU.ActiveCfg = Release|Any CPU
		{0F7B8D69-2393-4987-9382-316CFE8CCB12}.Release|Any CPU.Build.0 = Release|Any CPU
		{1BB74ABC-A47C-42FD-A833-1AB8BF319CD2}.Debug|Any CPU.ActiveCfg = Debug|Any CPU
		{1BB74ABC-A47C-42FD-A833-1AB8BF319CD2}.Debug|Any CPU.Build.0 = Debug|Any CPU
		{1BB74ABC-A47C-42FD-A833-1AB8BF319CD2}.Release|Any CPU.ActiveCfg = Release|Any CPU
		{1BB74ABC-A47C-42FD-A833-1AB8BF319CD2}.Release|Any CPU.Build.0 = Release|Any CPU
		{C2ECCA6D-F211-49FD-A54F-30C4A87D1225}.Debug|Any CPU.ActiveCfg = Debug|Any CPU
		{C2ECCA6D-F211-49FD-A54F-30C4A87D1225}.Debug|Any CPU.Build.0 = Debug|Any CPU
		{C2ECCA6D-F211-49FD-A54F-30C4A87D1225}.Release|Any CPU.ActiveCfg = Release|Any CPU
		{C2ECCA6D-F211-49FD-A54F-30C4A87D1225}.Release|Any CPU.Build.0 = Release|Any CPU
		{C73AFCB4-08D2-4BE2-AB29-0EBBB58450F0}.Debug|Any CPU.ActiveCfg = Debug|Any CPU
		{C73AFCB4-08D2-4BE2-AB29-0EBBB58450F0}.Debug|Any CPU.Build.0 = Debug|Any CPU
		{C73AFCB4-08D2-4BE2-AB29-0EBBB58450F0}.Release|Any CPU.ActiveCfg = Release|Any CPU
		{C73AFCB4-08D2-4BE2-AB29-0EBBB58450F0}.Release|Any CPU.Build.0 = Release|Any CPU
		{5A58E0F0-BFDE-43F4-A9B4-41584F0AD03C}.Debug|Any CPU.ActiveCfg = Debug|Any CPU
		{5A58E0F0-BFDE-43F4-A9B4-41584F0AD03C}.Debug|Any CPU.Build.0 = Debug|Any CPU
		{5A58E0F0-BFDE-43F4-A9B4-41584F0AD03C}.Release|Any CPU.ActiveCfg = Release|Any CPU
		{5A58E0F0-BFDE-43F4-A9B4-41584F0AD03C}.Release|Any CPU.Build.0 = Release|Any CPU
		{59AEB404-FD1F-4CEC-BD04-A5DDBA921D98}.Debug|Any CPU.ActiveCfg = Debug|Any CPU
		{59AEB404-FD1F-4CEC-BD04-A5DDBA921D98}.Debug|Any CPU.Build.0 = Debug|Any CPU
		{59AEB404-FD1F-4CEC-BD04-A5DDBA921D98}.Release|Any CPU.ActiveCfg = Release|Any CPU
		{59AEB404-FD1F-4CEC-BD04-A5DDBA921D98}.Release|Any CPU.Build.0 = Release|Any CPU
		{64C149F5-ECD9-41CF-B936-5274830CDD57}.Debug|Any CPU.ActiveCfg = Debug|Any CPU
		{64C149F5-ECD9-41CF-B936-5274830CDD57}.Debug|Any CPU.Build.0 = Debug|Any CPU
		{64C149F5-ECD9-41CF-B936-5274830CDD57}.Release|Any CPU.ActiveCfg = Release|Any CPU
		{64C149F5-ECD9-41CF-B936-5274830CDD57}.Release|Any CPU.Build.0 = Release|Any CPU
		{61D2B8EC-19DC-4C5D-A8D9-F7CC7AD6D357}.Debug|Any CPU.ActiveCfg = Debug|Any CPU
		{61D2B8EC-19DC-4C5D-A8D9-F7CC7AD6D357}.Debug|Any CPU.Build.0 = Debug|Any CPU
		{61D2B8EC-19DC-4C5D-A8D9-F7CC7AD6D357}.Release|Any CPU.ActiveCfg = Release|Any CPU
		{61D2B8EC-19DC-4C5D-A8D9-F7CC7AD6D357}.Release|Any CPU.Build.0 = Release|Any CPU
		{F9C1C3F3-E30F-4B13-9C1B-64217AA91893}.Debug|Any CPU.ActiveCfg = Debug|Any CPU
		{F9C1C3F3-E30F-4B13-9C1B-64217AA91893}.Debug|Any CPU.Build.0 = Debug|Any CPU
		{F9C1C3F3-E30F-4B13-9C1B-64217AA91893}.Release|Any CPU.ActiveCfg = Release|Any CPU
		{F9C1C3F3-E30F-4B13-9C1B-64217AA91893}.Release|Any CPU.Build.0 = Release|Any CPU
	EndGlobalSection
	GlobalSection(SolutionProperties) = preSolution
		HideSolutionNode = FALSE
	EndGlobalSection
	GlobalSection(NestedProjects) = preSolution
		{F995DB38-A40A-4B9A-89CE-6B5787DD3D4E} = {B1BA25F8-9607-4ECE-860C-C6741EB86AA6}
		{E5A62A5E-2257-4E56-8784-A47A82EBE9E3} = {B1BA25F8-9607-4ECE-860C-C6741EB86AA6}
		{29EBDFE4-BA35-4F9C-A71F-08B7C831DA4C} = {B1BA25F8-9607-4ECE-860C-C6741EB86AA6}
		{A0B65C9E-BDEB-4914-BEE3-ABC2A0284BAC} = {E602B06B-32A6-4838-B22E-5ED341CD7818}
		{72C6EFE4-25F3-4E79-99B9-1F53441D9303} = {E602B06B-32A6-4838-B22E-5ED341CD7818}
		{55003EFD-99F6-45B5-896E-D31BEC45974C} = {E602B06B-32A6-4838-B22E-5ED341CD7818}
		{BDBB8D66-B91C-4DD5-9D9F-18BE537EE74A} = {0A30A447-8701-4CEA-86C3-7039C5780844}
		{BDBC6891-F1AB-494B-B8BF-2534E63D4F7B} = {0A30A447-8701-4CEA-86C3-7039C5780844}
		{4DC48164-1E66-4CE7-A493-DD5C5760909A} = {0A30A447-8701-4CEA-86C3-7039C5780844}
		{8818D8B2-7823-497D-BC31-0587AF938FDA} = {884C08C0-86BE-49D4-A38D-FAE501230A44}
		{969D9189-5369-47D5-84C6-04F67814EB24} = {884C08C0-86BE-49D4-A38D-FAE501230A44}
		{A18E560E-8531-4D13-92C7-7D896E6356C3} = {884C08C0-86BE-49D4-A38D-FAE501230A44}
		{0F00EE6E-FFA9-4B55-82B0-0FF31C6B2A5F} = {601D7AFD-B242-4549-B929-BABDF805BC15}
		{78002252-FE12-4667-BACE-A1B90BC16FAE} = {601D7AFD-B242-4549-B929-BABDF805BC15}
		{C4A9C15B-0096-46A6-8924-2FAEDA150514} = {601D7AFD-B242-4549-B929-BABDF805BC15}
		{0F7B8D69-2393-4987-9382-316CFE8CCB12} = {3D320DF0-240C-4D23-9488-4EDB497C3A8C}
		{1BB74ABC-A47C-42FD-A833-1AB8BF319CD2} = {3D320DF0-240C-4D23-9488-4EDB497C3A8C}
		{C2ECCA6D-F211-49FD-A54F-30C4A87D1225} = {3D320DF0-240C-4D23-9488-4EDB497C3A8C}
		{C73AFCB4-08D2-4BE2-AB29-0EBBB58450F0} = {CA181CA1-83F4-44AC-AF3F-BEBB5D95A1A1}
		{5A58E0F0-BFDE-43F4-A9B4-41584F0AD03C} = {CA181CA1-83F4-44AC-AF3F-BEBB5D95A1A1}
		{59AEB404-FD1F-4CEC-BD04-A5DDBA921D98} = {CA181CA1-83F4-44AC-AF3F-BEBB5D95A1A1}
		{64C149F5-ECD9-41CF-B936-5274830CDD57} = {93F004AC-039B-4DA9-BC0C-D1EF43566B58}
		{61D2B8EC-19DC-4C5D-A8D9-F7CC7AD6D357} = {93F004AC-039B-4DA9-BC0C-D1EF43566B58}
		{F9C1C3F3-E30F-4B13-9C1B-64217AA91893} = {93F004AC-039B-4DA9-BC0C-D1EF43566B58}
	EndGlobalSection
	GlobalSection(ExtensibilityGlobals) = postSolution
		SolutionGuid = {5D0FC10C-6A8F-4384-88D6-EB5E56054502}
	EndGlobalSection
EndGlobal
